
Microsoft Visual Studio Solution File, Format Version 12.00
Project("{2150E333-8FDC-42A3-9474-1A3956D46DE8}") = "src", "src", "{D18F4EE3-9D82-41B6-A62C-F72A553159C6}"
EndProject
Project("{2150E333-8FDC-42A3-9474-1A3956D46DE8}") = "tests", "tests", "{CEF340C6-0561-4386-848C-A030FF522B00}"
EndProject
Project("{FAE04EC0-301F-11D3-BF4B-00C04F79EFBC}") = "CaravelTemplate", "src\CaravelTemplate\CaravelTemplate.csproj", "{BE3CC293-8C8C-4079-A23C-C124960D43FD}"
EndProject
Project("{FAE04EC0-301F-11D3-BF4B-00C04F79EFBC}") = "CaravelTemplate.Tests", "tests\CaravelTemplate.Tests\CaravelTemplate.Tests.csproj", "{E634EDEA-FA06-4735-A7CE-B4FB67472C0B}"
EndProject
Project("{FAE04EC0-301F-11D3-BF4B-00C04F79EFBC}") = "CaravelTemplate.Application.Tests", "tests\CaravelTemplate.Application.Tests\CaravelTemplate.Application.Tests.csproj", "{8CAA646D-2768-4066-A40C-6964788D1815}"
EndProject
Global
	GlobalSection(SolutionConfigurationPlatforms) = preSolution
		Debug|Any CPU = Debug|Any CPU
		Release|Any CPU = Release|Any CPU
	EndGlobalSection
	GlobalSection(ProjectConfigurationPlatforms) = postSolution
		{BE3CC293-8C8C-4079-A23C-C124960D43FD}.Debug|Any CPU.ActiveCfg = Debug|Any CPU
		{BE3CC293-8C8C-4079-A23C-C124960D43FD}.Debug|Any CPU.Build.0 = Debug|Any CPU
		{BE3CC293-8C8C-4079-A23C-C124960D43FD}.Release|Any CPU.ActiveCfg = Release|Any CPU
		{BE3CC293-8C8C-4079-A23C-C124960D43FD}.Release|Any CPU.Build.0 = Release|Any CPU
		{E634EDEA-FA06-4735-A7CE-B4FB67472C0B}.Debug|Any CPU.ActiveCfg = Debug|Any CPU
		{E634EDEA-FA06-4735-A7CE-B4FB67472C0B}.Debug|Any CPU.Build.0 = Debug|Any CPU
		{E634EDEA-FA06-4735-A7CE-B4FB67472C0B}.Release|Any CPU.ActiveCfg = Release|Any CPU
		{E634EDEA-FA06-4735-A7CE-B4FB67472C0B}.Release|Any CPU.Build.0 = Release|Any CPU
		{8CAA646D-2768-4066-A40C-6964788D1815}.Debug|Any CPU.ActiveCfg = Debug|Any CPU
		{8CAA646D-2768-4066-A40C-6964788D1815}.Debug|Any CPU.Build.0 = Debug|Any CPU
		{8CAA646D-2768-4066-A40C-6964788D1815}.Release|Any CPU.ActiveCfg = Release|Any CPU
		{8CAA646D-2768-4066-A40C-6964788D1815}.Release|Any CPU.Build.0 = Release|Any CPU
	EndGlobalSection
	GlobalSection(NestedProjects) = preSolution
		{BE3CC293-8C8C-4079-A23C-C124960D43FD} = {D18F4EE3-9D82-41B6-A62C-F72A553159C6}
		{E634EDEA-FA06-4735-A7CE-B4FB67472C0B} = {CEF340C6-0561-4386-848C-A030FF522B00}
		{8CAA646D-2768-4066-A40C-6964788D1815} = {CEF340C6-0561-4386-848C-A030FF522B00}
	EndGlobalSection
EndGlobal
