
Microsoft Visual Studio Solution File, Format Version 12.00
Project("{FAE04EC0-301F-11D3-BF4B-00C04F79EFBC}") = "CaravelTemplate.WebApi", "src\CaravelTemplate.WebApi\CaravelTemplate.WebApi.csproj", "{4C9C8C73-266E-49D1-870B-D76DCB6B81E4}"
EndProject
Project("{2150E333-8FDC-42A3-9474-1A3956D46DE8}") = "src", "src", "{D18F4EE3-9D82-41B6-A62C-F72A553159C6}"
EndProject
Project("{2150E333-8FDC-42A3-9474-1A3956D46DE8}") = "tests", "tests", "{CEF340C6-0561-4386-848C-A030FF522B00}"
EndProject
Project("{FAE04EC0-301F-11D3-BF4B-00C04F79EFBC}") = "CaravelTemplate.WebApi.Tests", "tests\CaravelTemplate.WebApi.Tests\CaravelTemplate.WebApi.Tests.csproj", "{64D3EF15-58AA-4CF7-8DA4-0F1179E7FDC9}"
EndProject
Global
	GlobalSection(SolutionConfigurationPlatforms) = preSolution
		Debug|Any CPU = Debug|Any CPU
		Release|Any CPU = Release|Any CPU
	EndGlobalSection
	GlobalSection(ProjectConfigurationPlatforms) = postSolution
		{4C9C8C73-266E-49D1-870B-D76DCB6B81E4}.Debug|Any CPU.ActiveCfg = Debug|Any CPU
		{4C9C8C73-266E-49D1-870B-D76DCB6B81E4}.Debug|Any CPU.Build.0 = Debug|Any CPU
		{4C9C8C73-266E-49D1-870B-D76DCB6B81E4}.Release|Any CPU.ActiveCfg = Release|Any CPU
		{4C9C8C73-266E-49D1-870B-D76DCB6B81E4}.Release|Any CPU.Build.0 = Release|Any CPU
		{64D3EF15-58AA-4CF7-8DA4-0F1179E7FDC9}.Debug|Any CPU.ActiveCfg = Debug|Any CPU
		{64D3EF15-58AA-4CF7-8DA4-0F1179E7FDC9}.Debug|Any CPU.Build.0 = Debug|Any CPU
		{64D3EF15-58AA-4CF7-8DA4-0F1179E7FDC9}.Release|Any CPU.ActiveCfg = Release|Any CPU
		{64D3EF15-58AA-4CF7-8DA4-0F1179E7FDC9}.Release|Any CPU.Build.0 = Release|Any CPU
	EndGlobalSection
	GlobalSection(NestedProjects) = preSolution
		{4C9C8C73-266E-49D1-870B-D76DCB6B81E4} = {D18F4EE3-9D82-41B6-A62C-F72A553159C6}
		{64D3EF15-58AA-4CF7-8DA4-0F1179E7FDC9} = {CEF340C6-0561-4386-848C-A030FF522B00}
	EndGlobalSection
EndGlobal
